
Microsoft Visual Studio Solution File, Format Version 12.00
# Visual Studio Version 17
VisualStudioVersion = 17.11.35327.3
MinimumVisualStudioVersion = 10.0.40219.1
Project("{FAE04EC0-301F-11D3-BF4B-00C04F79EFBC}") = "HangManGame", "HangManGame.csproj", "{8400F896-EE1C-448B-A511-FCC6F9C0EF9D}"
EndProject
Global
	GlobalSection(SolutionConfigurationPlatforms) = preSolution
		Debug|Any CPU = Debug|Any CPU
		Release|Any CPU = Release|Any CPU
	EndGlobalSection
	GlobalSection(ProjectConfigurationPlatforms) = postSolution
		{8400F896-EE1C-448B-A511-FCC6F9C0EF9D}.Debug|Any CPU.ActiveCfg = Debug|Any CPU
		{8400F896-EE1C-448B-A511-FCC6F9C0EF9D}.Debug|Any CPU.Build.0 = Debug|Any CPU
		{8400F896-EE1C-448B-A511-FCC6F9C0EF9D}.Release|Any CPU.ActiveCfg = Release|Any CPU
		{8400F896-EE1C-448B-A511-FCC6F9C0EF9D}.Release|Any CPU.Build.0 = Release|Any CPU
	EndGlobalSection
	GlobalSection(SolutionProperties) = preSolution
		HideSolutionNode = FALSE
	EndGlobalSection
	GlobalSection(ExtensibilityGlobals) = postSolution
		SolutionGuid = {224C65F0-E1BB-4DF5-9BD3-846772465449}
	EndGlobalSection
EndGlobal
